// !$*UTF8*$!
{
	archiveVersion = 1;
	classes = {
	};
	objectVersion = 50;
	objects = {

/* Begin PBXBuildFile section */
		7931A28325D73C8400C6291A /* ConcurrentDispatchQueueExample.swift in Sources */ = {isa = PBXBuildFile; fileRef = 7931A28225D73C8400C6291A /* ConcurrentDispatchQueueExample.swift */; };
		79B2F39525D71EB1008FA434 /* AppDelegateGCD.swift in Sources */ = {isa = PBXBuildFile; fileRef = 79B2F37525D71C1D008FA434 /* AppDelegateGCD.swift */; };
		79B2F39625D71EB1008FA434 /* SceneDelegate.swift in Sources */ = {isa = PBXBuildFile; fileRef = 79B2F37725D71C1D008FA434 /* SceneDelegate.swift */; };
		79B2F39925D71EB1008FA434 /* LaunchScreen.storyboard in Resources */ = {isa = PBXBuildFile; fileRef = 79B2F38025D71C1E008FA434 /* LaunchScreen.storyboard */; };
		79B2F39A25D71EB1008FA434 /* Assets.xcassets in Resources */ = {isa = PBXBuildFile; fileRef = 79B2F37E25D71C1E008FA434 /* Assets.xcassets */; };
		79B2F3A525D71EC4008FA434 /* SceneDelegate.swift in Sources */ = {isa = PBXBuildFile; fileRef = 79B2F37725D71C1D008FA434 /* SceneDelegate.swift */; };
		79B2F3A825D71EC4008FA434 /* LaunchScreen.storyboard in Resources */ = {isa = PBXBuildFile; fileRef = 79B2F38025D71C1E008FA434 /* LaunchScreen.storyboard */; };
		79B2F3A925D71EC4008FA434 /* Assets.xcassets in Resources */ = {isa = PBXBuildFile; fileRef = 79B2F37E25D71C1E008FA434 /* Assets.xcassets */; };
		79B2F3BF25D7223F008FA434 /* SerialDispatchQueueExample.swift in Sources */ = {isa = PBXBuildFile; fileRef = 79B2F3BE25D7223E008FA434 /* SerialDispatchQueueExample.swift */; };
		79B2F3C325D7225B008FA434 /* Operation-Features.swift in Sources */ = {isa = PBXBuildFile; fileRef = 79B2F3C225D7225B008FA434 /* Operation-Features.swift */; };
		79B2F3CB25D72363008FA434 /* AppDelegateOperation.swift in Sources */ = {isa = PBXBuildFile; fileRef = 79B2F3CA25D72363008FA434 /* AppDelegateOperation.swift */; };
		79B2F3DC25D72797008FA434 /* Utils.swift in Sources */ = {isa = PBXBuildFile; fileRef = 79B2F3DB25D72797008FA434 /* Utils.swift */; };
		79B2F3DD25D72797008FA434 /* Utils.swift in Sources */ = {isa = PBXBuildFile; fileRef = 79B2F3DB25D72797008FA434 /* Utils.swift */; };
		79B2F3E325D72AC1008FA434 /* CommandType.swift in Sources */ = {isa = PBXBuildFile; fileRef = 79B2F3E225D72AC1008FA434 /* CommandType.swift */; };
		79B2F3E425D72AC1008FA434 /* CommandType.swift in Sources */ = {isa = PBXBuildFile; fileRef = 79B2F3E225D72AC1008FA434 /* CommandType.swift */; };
/* End PBXBuildFile section */

/* Begin PBXFileReference section */
		7931A28225D73C8400C6291A /* ConcurrentDispatchQueueExample.swift */ = {isa = PBXFileReference; lastKnownFileType = sourcecode.swift; path = ConcurrentDispatchQueueExample.swift; sourceTree = "<group>"; };
		79B2F37525D71C1D008FA434 /* AppDelegateGCD.swift */ = {isa = PBXFileReference; lastKnownFileType = sourcecode.swift; path = AppDelegateGCD.swift; sourceTree = "<group>"; };
		79B2F37725D71C1D008FA434 /* SceneDelegate.swift */ = {isa = PBXFileReference; lastKnownFileType = sourcecode.swift; path = SceneDelegate.swift; sourceTree = "<group>"; };
		79B2F37E25D71C1E008FA434 /* Assets.xcassets */ = {isa = PBXFileReference; lastKnownFileType = folder.assetcatalog; path = Assets.xcassets; sourceTree = "<group>"; };
		79B2F38125D71C1E008FA434 /* Base */ = {isa = PBXFileReference; lastKnownFileType = file.storyboard; name = Base; path = Base.lproj/LaunchScreen.storyboard; sourceTree = "<group>"; };
		79B2F39E25D71EB1008FA434 /* GCD-Multithreading.app */ = {isa = PBXFileReference; explicitFileType = wrapper.application; includeInIndex = 0; path = "GCD-Multithreading.app"; sourceTree = BUILT_PRODUCTS_DIR; };
		79B2F3AD25D71EC4008FA434 /* Operation-Multithreading.app */ = {isa = PBXFileReference; explicitFileType = wrapper.application; includeInIndex = 0; path = "Operation-Multithreading.app"; sourceTree = BUILT_PRODUCTS_DIR; };
		79B2F3BE25D7223E008FA434 /* SerialDispatchQueueExample.swift */ = {isa = PBXFileReference; lastKnownFileType = sourcecode.swift; path = SerialDispatchQueueExample.swift; sourceTree = "<group>"; };
		79B2F3C225D7225B008FA434 /* Operation-Features.swift */ = {isa = PBXFileReference; lastKnownFileType = sourcecode.swift; path = "Operation-Features.swift"; sourceTree = "<group>"; };
		79B2F3CA25D72363008FA434 /* AppDelegateOperation.swift */ = {isa = PBXFileReference; lastKnownFileType = sourcecode.swift; path = AppDelegateOperation.swift; sourceTree = "<group>"; };
		79B2F3DB25D72797008FA434 /* Utils.swift */ = {isa = PBXFileReference; lastKnownFileType = sourcecode.swift; path = Utils.swift; sourceTree = "<group>"; };
		79B2F3E225D72AC1008FA434 /* CommandType.swift */ = {isa = PBXFileReference; lastKnownFileType = sourcecode.swift; path = CommandType.swift; sourceTree = "<group>"; };
/* End PBXFileReference section */

/* Begin PBXFrameworksBuildPhase section */
		79B2F39725D71EB1008FA434 /* Frameworks */ = {
			isa = PBXFrameworksBuildPhase;
			buildActionMask = 2147483647;
			files = (
			);
			runOnlyForDeploymentPostprocessing = 0;
		};
		79B2F3A625D71EC4008FA434 /* Frameworks */ = {
			isa = PBXFrameworksBuildPhase;
			buildActionMask = 2147483647;
			files = (
			);
			runOnlyForDeploymentPostprocessing = 0;
		};
/* End PBXFrameworksBuildPhase section */

/* Begin PBXGroup section */
		79B2F36925D71C1D008FA434 = {
			isa = PBXGroup;
			children = (
				79B2F37425D71C1D008FA434 /* Multithreading */,
				79B2F37325D71C1D008FA434 /* Products */,
			);
			sourceTree = "<group>";
		};
		79B2F37325D71C1D008FA434 /* Products */ = {
			isa = PBXGroup;
			children = (
				79B2F39E25D71EB1008FA434 /* GCD-Multithreading.app */,
				79B2F3AD25D71EC4008FA434 /* Operation-Multithreading.app */,
			);
			name = Products;
			sourceTree = "<group>";
		};
		79B2F37425D71C1D008FA434 /* Multithreading */ = {
			isa = PBXGroup;
			children = (
				79B2F3D025D723D8008FA434 /* GCD */,
				79B2F3D125D723E1008FA434 /* Operation */,
				79B2F3E125D72AAD008FA434 /* Protocols */,
				79B2F3DA25D72786008FA434 /* Utils */,
				79B2F38C25D71C39008FA434 /* Application */,
				79B2F38E25D71C47008FA434 /* Resources */,
			);
			path = Multithreading;
			sourceTree = "<group>";
		};
		79B2F38C25D71C39008FA434 /* Application */ = {
			isa = PBXGroup;
			children = (
				79B2F37725D71C1D008FA434 /* SceneDelegate.swift */,
				79B2F38025D71C1E008FA434 /* LaunchScreen.storyboard */,
			);
			path = Application;
			sourceTree = "<group>";
		};
		79B2F38E25D71C47008FA434 /* Resources */ = {
			isa = PBXGroup;
			children = (
				79B2F37E25D71C1E008FA434 /* Assets.xcassets */,
			);
			path = Resources;
			sourceTree = "<group>";
		};
		79B2F3D025D723D8008FA434 /* GCD */ = {
			isa = PBXGroup;
			children = (
				79B2F3E025D72A53008FA434 /* DispatchQueues */,
				79B2F37525D71C1D008FA434 /* AppDelegateGCD.swift */,
			);
			path = GCD;
			sourceTree = "<group>";
		};
		79B2F3D125D723E1008FA434 /* Operation */ = {
			isa = PBXGroup;
			children = (
				79B2F3CA25D72363008FA434 /* AppDelegateOperation.swift */,
				79B2F3C225D7225B008FA434 /* Operation-Features.swift */,
			);
			path = Operation;
			sourceTree = "<group>";
		};
		79B2F3DA25D72786008FA434 /* Utils */ = {
			isa = PBXGroup;
			children = (
				79B2F3DB25D72797008FA434 /* Utils.swift */,
			);
			path = Utils;
			sourceTree = "<group>";
		};
		79B2F3E025D72A53008FA434 /* DispatchQueues */ = {
			isa = PBXGroup;
			children = (
				79B2F3BE25D7223E008FA434 /* SerialDispatchQueueExample.swift */,
				7931A28225D73C8400C6291A /* ConcurrentDispatchQueueExample.swift */,
			);
			path = DispatchQueues;
			sourceTree = "<group>";
		};
		79B2F3E125D72AAD008FA434 /* Protocols */ = {
			isa = PBXGroup;
			children = (
				79B2F3E225D72AC1008FA434 /* CommandType.swift */,
			);
			path = Protocols;
			sourceTree = "<group>";
		};
/* End PBXGroup section */

/* Begin PBXNativeTarget section */
		79B2F39325D71EB1008FA434 /* GCD-Multithreading */ = {
			isa = PBXNativeTarget;
			buildConfigurationList = 79B2F39B25D71EB1008FA434 /* Build configuration list for PBXNativeTarget "GCD-Multithreading" */;
			buildPhases = (
				79B2F39425D71EB1008FA434 /* Sources */,
				79B2F39725D71EB1008FA434 /* Frameworks */,
				79B2F39825D71EB1008FA434 /* Resources */,
			);
			buildRules = (
			);
			dependencies = (
			);
			name = "GCD-Multithreading";
			productName = Multithreading;
			productReference = 79B2F39E25D71EB1008FA434 /* GCD-Multithreading.app */;
			productType = "com.apple.product-type.application";
		};
		79B2F3A225D71EC4008FA434 /* Operation-Multithreading */ = {
			isa = PBXNativeTarget;
			buildConfigurationList = 79B2F3AA25D71EC4008FA434 /* Build configuration list for PBXNativeTarget "Operation-Multithreading" */;
			buildPhases = (
				79B2F3A325D71EC4008FA434 /* Sources */,
				79B2F3A625D71EC4008FA434 /* Frameworks */,
				79B2F3A725D71EC4008FA434 /* Resources */,
			);
			buildRules = (
			);
			dependencies = (
			);
			name = "Operation-Multithreading";
			productName = Multithreading;
			productReference = 79B2F3AD25D71EC4008FA434 /* Operation-Multithreading.app */;
			productType = "com.apple.product-type.application";
		};
/* End PBXNativeTarget section */

/* Begin PBXProject section */
		79B2F36A25D71C1D008FA434 /* Project object */ = {
			isa = PBXProject;
			attributes = {
				LastSwiftUpdateCheck = 1210;
				LastUpgradeCheck = 1210;
			};
			buildConfigurationList = 79B2F36D25D71C1D008FA434 /* Build configuration list for PBXProject "Multithreading" */;
			compatibilityVersion = "Xcode 9.3";
			developmentRegion = en;
			hasScannedForEncodings = 0;
			knownRegions = (
				en,
				Base,
			);
			mainGroup = 79B2F36925D71C1D008FA434;
			productRefGroup = 79B2F37325D71C1D008FA434 /* Products */;
			projectDirPath = "";
			projectRoot = "";
			targets = (
				79B2F39325D71EB1008FA434 /* GCD-Multithreading */,
				79B2F3A225D71EC4008FA434 /* Operation-Multithreading */,
			);
		};
/* End PBXProject section */

/* Begin PBXResourcesBuildPhase section */
		79B2F39825D71EB1008FA434 /* Resources */ = {
			isa = PBXResourcesBuildPhase;
			buildActionMask = 2147483647;
			files = (
				79B2F39925D71EB1008FA434 /* LaunchScreen.storyboard in Resources */,
				79B2F39A25D71EB1008FA434 /* Assets.xcassets in Resources */,
			);
			runOnlyForDeploymentPostprocessing = 0;
		};
		79B2F3A725D71EC4008FA434 /* Resources */ = {
			isa = PBXResourcesBuildPhase;
			buildActionMask = 2147483647;
			files = (
				79B2F3A825D71EC4008FA434 /* LaunchScreen.storyboard in Resources */,
				79B2F3A925D71EC4008FA434 /* Assets.xcassets in Resources */,
			);
			runOnlyForDeploymentPostprocessing = 0;
		};
/* End PBXResourcesBuildPhase section */

/* Begin PBXSourcesBuildPhase section */
		79B2F39425D71EB1008FA434 /* Sources */ = {
			isa = PBXSourcesBuildPhase;
			buildActionMask = 2147483647;
			files = (
				79B2F39525D71EB1008FA434 /* AppDelegateGCD.swift in Sources */,
				79B2F39625D71EB1008FA434 /* SceneDelegate.swift in Sources */,
				79B2F3BF25D7223F008FA434 /* SerialDispatchQueueExample.swift in Sources */,
				79B2F3E325D72AC1008FA434 /* CommandType.swift in Sources */,
				79B2F3DC25D72797008FA434 /* Utils.swift in Sources */,
				7931A28325D73C8400C6291A /* ConcurrentDispatchQueueExample.swift in Sources */,
			);
			runOnlyForDeploymentPostprocessing = 0;
		};
		79B2F3A325D71EC4008FA434 /* Sources */ = {
			isa = PBXSourcesBuildPhase;
			buildActionMask = 2147483647;
			files = (
				79B2F3CB25D72363008FA434 /* AppDelegateOperation.swift in Sources */,
				79B2F3C325D7225B008FA434 /* Operation-Features.swift in Sources */,
				79B2F3A525D71EC4008FA434 /* SceneDelegate.swift in Sources */,
				79B2F3E425D72AC1008FA434 /* CommandType.swift in Sources */,
				79B2F3DD25D72797008FA434 /* Utils.swift in Sources */,
			);
			runOnlyForDeploymentPostprocessing = 0;
		};
/* End PBXSourcesBuildPhase section */

/* Begin PBXVariantGroup section */
		79B2F38025D71C1E008FA434 /* LaunchScreen.storyboard */ = {
			isa = PBXVariantGroup;
			children = (
				79B2F38125D71C1E008FA434 /* Base */,
			);
			name = LaunchScreen.storyboard;
			sourceTree = "<group>";
		};
/* End PBXVariantGroup section */

/* Begin XCBuildConfiguration section */
		79B2F38425D71C1E008FA434 /* Debug */ = {
			isa = XCBuildConfiguration;
			buildSettings = {
				ALWAYS_SEARCH_USER_PATHS = NO;
				CLANG_ANALYZER_NONNULL = YES;
				CLANG_ANALYZER_NUMBER_OBJECT_CONVERSION = YES_AGGRESSIVE;
				CLANG_CXX_LANGUAGE_STANDARD = "gnu++14";
				CLANG_CXX_LIBRARY = "libc++";
				CLANG_ENABLE_MODULES = YES;
				CLANG_ENABLE_OBJC_ARC = YES;
				CLANG_ENABLE_OBJC_WEAK = YES;
				CLANG_WARN_BLOCK_CAPTURE_AUTORELEASING = YES;
				CLANG_WARN_BOOL_CONVERSION = YES;
				CLANG_WARN_COMMA = YES;
				CLANG_WARN_CONSTANT_CONVERSION = YES;
				CLANG_WARN_DEPRECATED_OBJC_IMPLEMENTATIONS = YES;
				CLANG_WARN_DIRECT_OBJC_ISA_USAGE = YES_ERROR;
				CLANG_WARN_DOCUMENTATION_COMMENTS = YES;
				CLANG_WARN_EMPTY_BODY = YES;
				CLANG_WARN_ENUM_CONVERSION = YES;
				CLANG_WARN_INFINITE_RECURSION = YES;
				CLANG_WARN_INT_CONVERSION = YES;
				CLANG_WARN_NON_LITERAL_NULL_CONVERSION = YES;
				CLANG_WARN_OBJC_IMPLICIT_RETAIN_SELF = YES;
				CLANG_WARN_OBJC_LITERAL_CONVERSION = YES;
				CLANG_WARN_OBJC_ROOT_CLASS = YES_ERROR;
				CLANG_WARN_QUOTED_INCLUDE_IN_FRAMEWORK_HEADER = YES;
				CLANG_WARN_RANGE_LOOP_ANALYSIS = YES;
				CLANG_WARN_STRICT_PROTOTYPES = YES;
				CLANG_WARN_SUSPICIOUS_MOVE = YES;
				CLANG_WARN_UNGUARDED_AVAILABILITY = YES_AGGRESSIVE;
				CLANG_WARN_UNREACHABLE_CODE = YES;
				CLANG_WARN__DUPLICATE_METHOD_MATCH = YES;
				COPY_PHASE_STRIP = NO;
				DEBUG_INFORMATION_FORMAT = dwarf;
				ENABLE_STRICT_OBJC_MSGSEND = YES;
				ENABLE_TESTABILITY = YES;
				GCC_C_LANGUAGE_STANDARD = gnu11;
				GCC_DYNAMIC_NO_PIC = NO;
				GCC_NO_COMMON_BLOCKS = YES;
				GCC_OPTIMIZATION_LEVEL = 0;
				GCC_PREPROCESSOR_DEFINITIONS = (
					"DEBUG=1",
					"$(inherited)",
				);
				GCC_WARN_64_TO_32_BIT_CONVERSION = YES;
				GCC_WARN_ABOUT_RETURN_TYPE = YES_ERROR;
				GCC_WARN_UNDECLARED_SELECTOR = YES;
				GCC_WARN_UNINITIALIZED_AUTOS = YES_AGGRESSIVE;
				GCC_WARN_UNUSED_FUNCTION = YES;
				GCC_WARN_UNUSED_VARIABLE = YES;
				IPHONEOS_DEPLOYMENT_TARGET = 13.0;
				MTL_ENABLE_DEBUG_INFO = INCLUDE_SOURCE;
				MTL_FAST_MATH = YES;
				ONLY_ACTIVE_ARCH = YES;
				SDKROOT = iphoneos;
				SWIFT_ACTIVE_COMPILATION_CONDITIONS = DEBUG;
				SWIFT_OPTIMIZATION_LEVEL = "-Onone";
			};
			name = Debug;
		};
		79B2F38525D71C1E008FA434 /* Release */ = {
			isa = XCBuildConfiguration;
			buildSettings = {
				ALWAYS_SEARCH_USER_PATHS = NO;
				CLANG_ANALYZER_NONNULL = YES;
				CLANG_ANALYZER_NUMBER_OBJECT_CONVERSION = YES_AGGRESSIVE;
				CLANG_CXX_LANGUAGE_STANDARD = "gnu++14";
				CLANG_CXX_LIBRARY = "libc++";
				CLANG_ENABLE_MODULES = YES;
				CLANG_ENABLE_OBJC_ARC = YES;
				CLANG_ENABLE_OBJC_WEAK = YES;
				CLANG_WARN_BLOCK_CAPTURE_AUTORELEASING = YES;
				CLANG_WARN_BOOL_CONVERSION = YES;
				CLANG_WARN_COMMA = YES;
				CLANG_WARN_CONSTANT_CONVERSION = YES;
				CLANG_WARN_DEPRECATED_OBJC_IMPLEMENTATIONS = YES;
				CLANG_WARN_DIRECT_OBJC_ISA_USAGE = YES_ERROR;
				CLANG_WARN_DOCUMENTATION_COMMENTS = YES;
				CLANG_WARN_EMPTY_BODY = YES;
				CLANG_WARN_ENUM_CONVERSION = YES;
				CLANG_WARN_INFINITE_RECURSION = YES;
				CLANG_WARN_INT_CONVERSION = YES;
				CLANG_WARN_NON_LITERAL_NULL_CONVERSION = YES;
				CLANG_WARN_OBJC_IMPLICIT_RETAIN_SELF = YES;
				CLANG_WARN_OBJC_LITERAL_CONVERSION = YES;
				CLANG_WARN_OBJC_ROOT_CLASS = YES_ERROR;
				CLANG_WARN_QUOTED_INCLUDE_IN_FRAMEWORK_HEADER = YES;
				CLANG_WARN_RANGE_LOOP_ANALYSIS = YES;
				CLANG_WARN_STRICT_PROTOTYPES = YES;
				CLANG_WARN_SUSPICIOUS_MOVE = YES;
				CLANG_WARN_UNGUARDED_AVAILABILITY = YES_AGGRESSIVE;
				CLANG_WARN_UNREACHABLE_CODE = YES;
				CLANG_WARN__DUPLICATE_METHOD_MATCH = YES;
				COPY_PHASE_STRIP = NO;
				DEBUG_INFORMATION_FORMAT = "dwarf-with-dsym";
				ENABLE_NS_ASSERTIONS = NO;
				ENABLE_STRICT_OBJC_MSGSEND = YES;
				GCC_C_LANGUAGE_STANDARD = gnu11;
				GCC_NO_COMMON_BLOCKS = YES;
				GCC_WARN_64_TO_32_BIT_CONVERSION = YES;
				GCC_WARN_ABOUT_RETURN_TYPE = YES_ERROR;
				GCC_WARN_UNDECLARED_SELECTOR = YES;
				GCC_WARN_UNINITIALIZED_AUTOS = YES_AGGRESSIVE;
				GCC_WARN_UNUSED_FUNCTION = YES;
				GCC_WARN_UNUSED_VARIABLE = YES;
				IPHONEOS_DEPLOYMENT_TARGET = 13.0;
				MTL_ENABLE_DEBUG_INFO = NO;
				MTL_FAST_MATH = YES;
				SDKROOT = iphoneos;
				SWIFT_COMPILATION_MODE = wholemodule;
				SWIFT_OPTIMIZATION_LEVEL = "-O";
				VALIDATE_PRODUCT = YES;
			};
			name = Release;
		};
		79B2F39C25D71EB1008FA434 /* Debug */ = {
			isa = XCBuildConfiguration;
			buildSettings = {
				ASSETCATALOG_COMPILER_APPICON_NAME = AppIcon;
				ASSETCATALOG_COMPILER_GLOBAL_ACCENT_COLOR_NAME = AccentColor;
				CODE_SIGN_STYLE = Automatic;
				DEVELOPMENT_TEAM = C23K8VGFDE;
				INFOPLIST_FILE = "$(SRCROOT)/Multithreading/Resources/GCD-Multithreading-Info.plist";
				LD_RUNPATH_SEARCH_PATHS = (
					"$(inherited)",
					"@executable_path/Frameworks",
				);
				PRODUCT_BUNDLE_IDENTIFIER = com.kefir.Multithreading;
				PRODUCT_NAME = "$(TARGET_NAME)";
				SWIFT_VERSION = 5.0;
				TARGETED_DEVICE_FAMILY = "1,2";
			};
			name = Debug;
		};
		79B2F39D25D71EB1008FA434 /* Release */ = {
			isa = XCBuildConfiguration;
			buildSettings = {
				ASSETCATALOG_COMPILER_APPICON_NAME = AppIcon;
				ASSETCATALOG_COMPILER_GLOBAL_ACCENT_COLOR_NAME = AccentColor;
				CODE_SIGN_STYLE = Automatic;
				DEVELOPMENT_TEAM = C23K8VGFDE;
				INFOPLIST_FILE = "$(SRCROOT)/Multithreading/Resources/GCD-Multithreading-Info.plist";
				LD_RUNPATH_SEARCH_PATHS = (
					"$(inherited)",
					"@executable_path/Frameworks",
				);
				PRODUCT_BUNDLE_IDENTIFIER = com.kefir.Multithreading;
				PRODUCT_NAME = "$(TARGET_NAME)";
				SWIFT_VERSION = 5.0;
				TARGETED_DEVICE_FAMILY = "1,2";
			};
			name = Release;
		};
		79B2F3AB25D71EC4008FA434 /* Debug */ = {
			isa = XCBuildConfiguration;
			buildSettings = {
				ASSETCATALOG_COMPILER_APPICON_NAME = AppIcon;
				ASSETCATALOG_COMPILER_GLOBAL_ACCENT_COLOR_NAME = AccentColor;
				CODE_SIGN_STYLE = Automatic;
				DEVELOPMENT_TEAM = C23K8VGFDE;
				INFOPLIST_FILE = "$(SRCROOT)/Multithreading/Resources/Operation-Multithreading-Info.plist";
				LD_RUNPATH_SEARCH_PATHS = (
					"$(inherited)",
					"@executable_path/Frameworks",
				);
				PRODUCT_BUNDLE_IDENTIFIER = com.kefir.Multithreading;
				PRODUCT_NAME = "$(TARGET_NAME)";
				SWIFT_VERSION = 5.0;
				TARGETED_DEVICE_FAMILY = "1,2";
			};
			name = Debug;
		};
		79B2F3AC25D71EC4008FA434 /* Release */ = {
			isa = XCBuildConfiguration;
			buildSettings = {
				ASSETCATALOG_COMPILER_APPICON_NAME = AppIcon;
				ASSETCATALOG_COMPILER_GLOBAL_ACCENT_COLOR_NAME = AccentColor;
				CODE_SIGN_STYLE = Automatic;
				DEVELOPMENT_TEAM = C23K8VGFDE;
				INFOPLIST_FILE = "$(SRCROOT)/Multithreading/Resources/Operation-Multithreading-Info.plist";
				LD_RUNPATH_SEARCH_PATHS = (
					"$(inherited)",
					"@executable_path/Frameworks",
				);
				PRODUCT_BUNDLE_IDENTIFIER = com.kefir.Multithreading;
				PRODUCT_NAME = "$(TARGET_NAME)";
				SWIFT_VERSION = 5.0;
				TARGETED_DEVICE_FAMILY = "1,2";
			};
			name = Release;
		};
/* End XCBuildConfiguration section */

/* Begin XCConfigurationList section */
		79B2F36D25D71C1D008FA434 /* Build configuration list for PBXProject "Multithreading" */ = {
			isa = XCConfigurationList;
			buildConfigurations = (
				79B2F38425D71C1E008FA434 /* Debug */,
				79B2F38525D71C1E008FA434 /* Release */,
			);
			defaultConfigurationIsVisible = 0;
			defaultConfigurationName = Release;
		};
		79B2F39B25D71EB1008FA434 /* Build configuration list for PBXNativeTarget "GCD-Multithreading" */ = {
			isa = XCConfigurationList;
			buildConfigurations = (
				79B2F39C25D71EB1008FA434 /* Debug */,
				79B2F39D25D71EB1008FA434 /* Release */,
			);
			defaultConfigurationIsVisible = 0;
			defaultConfigurationName = Release;
		};
		79B2F3AA25D71EC4008FA434 /* Build configuration list for PBXNativeTarget "Operation-Multithreading" */ = {
			isa = XCConfigurationList;
			buildConfigurations = (
				79B2F3AB25D71EC4008FA434 /* Debug */,
				79B2F3AC25D71EC4008FA434 /* Release */,
			);
			defaultConfigurationIsVisible = 0;
			defaultConfigurationName = Release;
		};
/* End XCConfigurationList section */
	};
	rootObject = 79B2F36A25D71C1D008FA434 /* Project object */;
}
